
Microsoft Visual Studio Solution File, Format Version 12.00
# Visual Studio 15
VisualStudioVersion = 15.0.28307.271
MinimumVisualStudioVersion = 10.0.40219.1
Project("{FAE04EC0-301F-11D3-BF4B-00C04F79EFBC}") = "ECPNPC_API", "ECPNPC_API.csproj", "{3ED4ADB9-A325-4DCC-9EAD-8044F0C7431D}"
EndProject
Global
	GlobalSection(SolutionConfigurationPlatforms) = preSolution
		Debug|Any CPU = Debug|Any CPU
		Release|Any CPU = Release|Any CPU
	EndGlobalSection
	GlobalSection(ProjectConfigurationPlatforms) = postSolution
		{3ED4ADB9-A325-4DCC-9EAD-8044F0C7431D}.Debug|Any CPU.ActiveCfg = Debug|Any CPU
		{3ED4ADB9-A325-4DCC-9EAD-8044F0C7431D}.Debug|Any CPU.Build.0 = Debug|Any CPU
		{3ED4ADB9-A325-4DCC-9EAD-8044F0C7431D}.Release|Any CPU.ActiveCfg = Release|Any CPU
		{3ED4ADB9-A325-4DCC-9EAD-8044F0C7431D}.Release|Any CPU.Build.0 = Release|Any CPU
	EndGlobalSection
	GlobalSection(SolutionProperties) = preSolution
		HideSolutionNode = FALSE
	EndGlobalSection
	GlobalSection(ExtensibilityGlobals) = postSolution
		SolutionGuid = {D35C74E9-7531-4E32-8158-163E177005A1}
	EndGlobalSection
EndGlobal
